{
  "name": "ItscoreMES",
  "lockfileVersion": 3,
  "requires": true,
  "packages": {
    "": {
      "dependencies": {
        "gunicorn": "^0.0.1-security"
      }
    },
    "node_modules/gunicorn": {
      "version": "0.0.1-security",
      "resolved": "https://registry.npmjs.org/gunicorn/-/gunicorn-0.0.1-security.tgz",
      "integrity": "sha512-PdM4befZLo6LCS3CT0cUGqVBirQo6szBHAyhhajdVGidil232ykFXXYSoZyDGN6eBVM7s9jbzWlfNX370HITPg=="
    }
  }
}
